// !$*UTF8*$!
{
	archiveVersion = 1;
	classes = {
	};
	objectVersion = 50;
	objects = {

/* Begin PBXBuildFile section */
		06E7003E219AB34A00ECBDAD /* AppDelegate.swift in Sources */ = {isa = PBXBuildFile; fileRef = 06E7003D219AB34A00ECBDAD /* AppDelegate.swift */; };
		06E70040219AB34A00ECBDAD /* ViewController.swift in Sources */ = {isa = PBXBuildFile; fileRef = 06E7003F219AB34A00ECBDAD /* ViewController.swift */; };
		06E70043219AB34A00ECBDAD /* Main.storyboard in Resources */ = {isa = PBXBuildFile; fileRef = 06E70041219AB34A00ECBDAD /* Main.storyboard */; };
		06E70045219AB35000ECBDAD /* Assets.xcassets in Resources */ = {isa = PBXBuildFile; fileRef = 06E70044219AB35000ECBDAD /* Assets.xcassets */; };
		06E70048219AB35000ECBDAD /* LaunchScreen.storyboard in Resources */ = {isa = PBXBuildFile; fileRef = 06E70046219AB35000ECBDAD /* LaunchScreen.storyboard */; };
		06E70053219AB35100ECBDAD /* LeetCodeTests.swift in Sources */ = {isa = PBXBuildFile; fileRef = 06E70052219AB35100ECBDAD /* LeetCodeTests.swift */; };
		06E7005E219AB35100ECBDAD /* LeetCodeUITests.swift in Sources */ = {isa = PBXBuildFile; fileRef = 06E7005D219AB35100ECBDAD /* LeetCodeUITests.swift */; };
		845E35D4284F5124005C3D92 /* LeetCodeArray.swift in Sources */ = {isa = PBXBuildFile; fileRef = 845E35CE284F5124005C3D92 /* LeetCodeArray.swift */; };
		845E35D5284F5124005C3D92 /* LeetCodeString.swift in Sources */ = {isa = PBXBuildFile; fileRef = 845E35CF284F5124005C3D92 /* LeetCodeString.swift */; };
		845E35D6284F5124005C3D92 /* LeetCodeSearch.swift in Sources */ = {isa = PBXBuildFile; fileRef = 845E35D0284F5124005C3D92 /* LeetCodeSearch.swift */; };
		845E35D7284F5124005C3D92 /* LeetCodeTreeNode.swift in Sources */ = {isa = PBXBuildFile; fileRef = 845E35D1284F5124005C3D92 /* LeetCodeTreeNode.swift */; };
		845E35D8284F5124005C3D92 /* LeetCodeNode.swift in Sources */ = {isa = PBXBuildFile; fileRef = 845E35D2284F5124005C3D92 /* LeetCodeNode.swift */; };
		845E35D9284F5124005C3D92 /* LeetCodeVC.swift in Sources */ = {isa = PBXBuildFile; fileRef = 845E35D3284F5124005C3D92 /* LeetCodeVC.swift */; };
		845E35DD284F52E2005C3D92 /* basic.swift in Sources */ = {isa = PBXBuildFile; fileRef = 845E35DC284F52E2005C3D92 /* basic.swift */; };
		845E35E8284F5551005C3D92 /* Sort.swift in Sources */ = {isa = PBXBuildFile; fileRef = 845E35E2284F5551005C3D92 /* Sort.swift */; };
		845E35E9284F5551005C3D92 /* CodeTop.swift in Sources */ = {isa = PBXBuildFile; fileRef = 845E35E3284F5551005C3D92 /* CodeTop.swift */; };
		845E35EA284F5551005C3D92 /* Hot100.swift in Sources */ = {isa = PBXBuildFile; fileRef = 845E35E4284F5551005C3D92 /* Hot100.swift */; };
		845E35EB284F5551005C3D92 /* DynamicEx.swift in Sources */ = {isa = PBXBuildFile; fileRef = 845E35E5284F5551005C3D92 /* DynamicEx.swift */; };
		845E35EC284F5551005C3D92 /* BackTrack.swift in Sources */ = {isa = PBXBuildFile; fileRef = 845E35E6284F5551005C3D92 /* BackTrack.swift */; };
		845E35ED284F5551005C3D92 /* HW.swift in Sources */ = {isa = PBXBuildFile; fileRef = 845E35E7284F5551005C3D92 /* HW.swift */; };
		848C0077286171CB005FF4ED /* CanConstruct.swift in Sources */ = {isa = PBXBuildFile; fileRef = 848C0076286171CB005FF4ED /* CanConstruct.swift */; };
		848C0079286194FB005FF4ED /* ReplaceSpace.swift in Sources */ = {isa = PBXBuildFile; fileRef = 848C0078286194FB005FF4ED /* ReplaceSpace.swift */; };
		848C007B28619F46005FF4ED /* StrStr.swift in Sources */ = {isa = PBXBuildFile; fileRef = 848C007A28619F46005FF4ED /* StrStr.swift */; };
		848C00802862A97E005FF4ED /* FindBottomLeftValue.swift in Sources */ = {isa = PBXBuildFile; fileRef = 848C007F2862A97E005FF4ED /* FindBottomLeftValue.swift */; };
		848C0082286548D1005FF4ED /* LargestValues.swift in Sources */ = {isa = PBXBuildFile; fileRef = 848C0081286548D1005FF4ED /* LargestValues.swift */; };
		84D45A9628598333009E7D34 /* Search.swift in Sources */ = {isa = PBXBuildFile; fileRef = 84D45A9528598333009E7D34 /* Search.swift */; };
		84D45A98285985F2009E7D34 /* RemoveElement.swift in Sources */ = {isa = PBXBuildFile; fileRef = 84D45A97285985F2009E7D34 /* RemoveElement.swift */; };
		84D45AC9285B1A6A009E7D34 /* SortedSquares.swift in Sources */ = {isa = PBXBuildFile; fileRef = 84D45AC8285B1A6A009E7D34 /* SortedSquares.swift */; };
		84D45ACB285B1EB9009E7D34 /* MinSubArrayLen.swift in Sources */ = {isa = PBXBuildFile; fileRef = 84D45ACA285B1EB9009E7D34 /* MinSubArrayLen.swift */; };
		84D45ACD285B1F0F009E7D34 /* RemoveElements.swift in Sources */ = {isa = PBXBuildFile; fileRef = 84D45ACC285B1F0F009E7D34 /* RemoveElements.swift */; };
		84D45ACF285B1F35009E7D34 /* Define.swift in Sources */ = {isa = PBXBuildFile; fileRef = 84D45ACE285B1F35009E7D34 /* Define.swift */; };
		84D45AD1285B2084009E7D34 /* IsAnagram.swift in Sources */ = {isa = PBXBuildFile; fileRef = 84D45AD0285B2084009E7D34 /* IsAnagram.swift */; };
		84D45AD4285B20AE009E7D34 /* ReverseString.swift in Sources */ = {isa = PBXBuildFile; fileRef = 84D45AD3285B20AE009E7D34 /* ReverseString.swift */; };
		84D45AD6285B20C8009E7D34 /* MyQueue.swift in Sources */ = {isa = PBXBuildFile; fileRef = 84D45AD5285B20C8009E7D34 /* MyQueue.swift */; };
		84D45AD8285B20F7009E7D34 /* Traversal.swift in Sources */ = {isa = PBXBuildFile; fileRef = 84D45AD7285B20F7009E7D34 /* Traversal.swift */; };
		84D45ADA285B2110009E7D34 /* Fib.swift in Sources */ = {isa = PBXBuildFile; fileRef = 84D45AD9285B2110009E7D34 /* Fib.swift */; };
		84D45ADC285B2129009E7D34 /* Combine.swift in Sources */ = {isa = PBXBuildFile; fileRef = 84D45ADB285B2129009E7D34 /* Combine.swift */; };
		84D45ADE285B2154009E7D34 /* FindContentChildren.swift in Sources */ = {isa = PBXBuildFile; fileRef = 84D45ADD285B2154009E7D34 /* FindContentChildren.swift */; };
		84D45AE4285C61A8009E7D34 /* GenerateMatrix.swift in Sources */ = {isa = PBXBuildFile; fileRef = 84D45AE3285C61A8009E7D34 /* GenerateMatrix.swift */; };
		84D45AE628604484009E7D34 /* SwapPairs.swift in Sources */ = {isa = PBXBuildFile; fileRef = 84D45AE528604484009E7D34 /* SwapPairs.swift */; };
		84D45AE82860494D009E7D34 /* RemoveNthFromEnd.swift in Sources */ = {isa = PBXBuildFile; fileRef = 84D45AE72860494D009E7D34 /* RemoveNthFromEnd.swift */; };
		84D45AEA28604B13009E7D34 /* DetectCycle.swift in Sources */ = {isa = PBXBuildFile; fileRef = 84D45AE928604B13009E7D34 /* DetectCycle.swift */; };
		84D45AEC28604F08009E7D34 /* Intersection.swift in Sources */ = {isa = PBXBuildFile; fileRef = 84D45AEB28604F08009E7D34 /* Intersection.swift */; };
		84D45AEE28605195009E7D34 /* IsHappy.swift in Sources */ = {isa = PBXBuildFile; fileRef = 84D45AED28605195009E7D34 /* IsHappy.swift */; };
		84D45AF028605364009E7D34 /* Sum.swift in Sources */ = {isa = PBXBuildFile; fileRef = 84D45AEF28605364009E7D34 /* Sum.swift */; };
/* End PBXBuildFile section */

/* Begin PBXContainerItemProxy section */
		06E7004F219AB35100ECBDAD /* PBXContainerItemProxy */ = {
			isa = PBXContainerItemProxy;
			containerPortal = 06E70032219AB34A00ECBDAD /* Project object */;
			proxyType = 1;
			remoteGlobalIDString = 06E70039219AB34A00ECBDAD;
			remoteInfo = LeetCode;
		};
		06E7005A219AB35100ECBDAD /* PBXContainerItemProxy */ = {
			isa = PBXContainerItemProxy;
			containerPortal = 06E70032219AB34A00ECBDAD /* Project object */;
			proxyType = 1;
			remoteGlobalIDString = 06E70039219AB34A00ECBDAD;
			remoteInfo = LeetCode;
		};
/* End PBXContainerItemProxy section */

/* Begin PBXFileReference section */
		06E7003A219AB34A00ECBDAD /* LeetCode.app */ = {isa = PBXFileReference; explicitFileType = wrapper.application; includeInIndex = 0; path = LeetCode.app; sourceTree = BUILT_PRODUCTS_DIR; };
		06E7003D219AB34A00ECBDAD /* AppDelegate.swift */ = {isa = PBXFileReference; lastKnownFileType = sourcecode.swift; path = AppDelegate.swift; sourceTree = "<group>"; };
		06E7003F219AB34A00ECBDAD /* ViewController.swift */ = {isa = PBXFileReference; lastKnownFileType = sourcecode.swift; path = ViewController.swift; sourceTree = "<group>"; };
		06E70042219AB34A00ECBDAD /* Base */ = {isa = PBXFileReference; lastKnownFileType = file.storyboard; name = Base; path = Base.lproj/Main.storyboard; sourceTree = "<group>"; };
		06E70044219AB35000ECBDAD /* Assets.xcassets */ = {isa = PBXFileReference; lastKnownFileType = folder.assetcatalog; path = Assets.xcassets; sourceTree = "<group>"; };
		06E70047219AB35000ECBDAD /* Base */ = {isa = PBXFileReference; lastKnownFileType = file.storyboard; name = Base; path = Base.lproj/LaunchScreen.storyboard; sourceTree = "<group>"; };
		06E70049219AB35000ECBDAD /* Info.plist */ = {isa = PBXFileReference; lastKnownFileType = text.plist.xml; path = Info.plist; sourceTree = "<group>"; };
		06E7004E219AB35100ECBDAD /* LeetCodeTests.xctest */ = {isa = PBXFileReference; explicitFileType = wrapper.cfbundle; includeInIndex = 0; path = LeetCodeTests.xctest; sourceTree = BUILT_PRODUCTS_DIR; };
		06E70052219AB35100ECBDAD /* LeetCodeTests.swift */ = {isa = PBXFileReference; lastKnownFileType = sourcecode.swift; path = LeetCodeTests.swift; sourceTree = "<group>"; };
		06E70054219AB35100ECBDAD /* Info.plist */ = {isa = PBXFileReference; lastKnownFileType = text.plist.xml; path = Info.plist; sourceTree = "<group>"; };
		06E70059219AB35100ECBDAD /* LeetCodeUITests.xctest */ = {isa = PBXFileReference; explicitFileType = wrapper.cfbundle; includeInIndex = 0; path = LeetCodeUITests.xctest; sourceTree = BUILT_PRODUCTS_DIR; };
		06E7005D219AB35100ECBDAD /* LeetCodeUITests.swift */ = {isa = PBXFileReference; lastKnownFileType = sourcecode.swift; path = LeetCodeUITests.swift; sourceTree = "<group>"; };
		06E7005F219AB35100ECBDAD /* Info.plist */ = {isa = PBXFileReference; lastKnownFileType = text.plist.xml; path = Info.plist; sourceTree = "<group>"; };
		845E35CE284F5124005C3D92 /* LeetCodeArray.swift */ = {isa = PBXFileReference; fileEncoding = 4; lastKnownFileType = sourcecode.swift; path = LeetCodeArray.swift; sourceTree = "<group>"; };
		845E35CF284F5124005C3D92 /* LeetCodeString.swift */ = {isa = PBXFileReference; fileEncoding = 4; lastKnownFileType = sourcecode.swift; path = LeetCodeString.swift; sourceTree = "<group>"; };
		845E35D0284F5124005C3D92 /* LeetCodeSearch.swift */ = {isa = PBXFileReference; fileEncoding = 4; lastKnownFileType = sourcecode.swift; path = LeetCodeSearch.swift; sourceTree = "<group>"; };
		845E35D1284F5124005C3D92 /* LeetCodeTreeNode.swift */ = {isa = PBXFileReference; fileEncoding = 4; lastKnownFileType = sourcecode.swift; path = LeetCodeTreeNode.swift; sourceTree = "<group>"; };
		845E35D2284F5124005C3D92 /* LeetCodeNode.swift */ = {isa = PBXFileReference; fileEncoding = 4; lastKnownFileType = sourcecode.swift; path = LeetCodeNode.swift; sourceTree = "<group>"; };
		845E35D3284F5124005C3D92 /* LeetCodeVC.swift */ = {isa = PBXFileReference; fileEncoding = 4; lastKnownFileType = sourcecode.swift; path = LeetCodeVC.swift; sourceTree = "<group>"; };
		845E35DC284F52E2005C3D92 /* basic.swift */ = {isa = PBXFileReference; lastKnownFileType = sourcecode.swift; path = basic.swift; sourceTree = "<group>"; };
		845E35E2284F5551005C3D92 /* Sort.swift */ = {isa = PBXFileReference; fileEncoding = 4; lastKnownFileType = sourcecode.swift; path = Sort.swift; sourceTree = "<group>"; };
		845E35E3284F5551005C3D92 /* CodeTop.swift */ = {isa = PBXFileReference; fileEncoding = 4; lastKnownFileType = sourcecode.swift; path = CodeTop.swift; sourceTree = "<group>"; };
		845E35E4284F5551005C3D92 /* Hot100.swift */ = {isa = PBXFileReference; fileEncoding = 4; lastKnownFileType = sourcecode.swift; path = Hot100.swift; sourceTree = "<group>"; };
		845E35E5284F5551005C3D92 /* DynamicEx.swift */ = {isa = PBXFileReference; fileEncoding = 4; lastKnownFileType = sourcecode.swift; path = DynamicEx.swift; sourceTree = "<group>"; };
		845E35E6284F5551005C3D92 /* BackTrack.swift */ = {isa = PBXFileReference; fileEncoding = 4; lastKnownFileType = sourcecode.swift; path = BackTrack.swift; sourceTree = "<group>"; };
		845E35E7284F5551005C3D92 /* HW.swift */ = {isa = PBXFileReference; fileEncoding = 4; lastKnownFileType = sourcecode.swift; path = HW.swift; sourceTree = "<group>"; };
		848C0076286171CB005FF4ED /* CanConstruct.swift */ = {isa = PBXFileReference; lastKnownFileType = sourcecode.swift; path = CanConstruct.swift; sourceTree = "<group>"; };
		848C0078286194FB005FF4ED /* ReplaceSpace.swift */ = {isa = PBXFileReference; lastKnownFileType = sourcecode.swift; path = ReplaceSpace.swift; sourceTree = "<group>"; };
		848C007A28619F46005FF4ED /* StrStr.swift */ = {isa = PBXFileReference; lastKnownFileType = sourcecode.swift; path = StrStr.swift; sourceTree = "<group>"; };
		848C007F2862A97E005FF4ED /* FindBottomLeftValue.swift */ = {isa = PBXFileReference; lastKnownFileType = sourcecode.swift; path = FindBottomLeftValue.swift; sourceTree = "<group>"; };
		848C0081286548D1005FF4ED /* LargestValues.swift */ = {isa = PBXFileReference; lastKnownFileType = sourcecode.swift; path = LargestValues.swift; sourceTree = "<group>"; };
		84D45A9528598333009E7D34 /* Search.swift */ = {isa = PBXFileReference; lastKnownFileType = sourcecode.swift; path = Search.swift; sourceTree = "<group>"; };
		84D45A97285985F2009E7D34 /* RemoveElement.swift */ = {isa = PBXFileReference; lastKnownFileType = sourcecode.swift; path = RemoveElement.swift; sourceTree = "<group>"; };
		84D45AC8285B1A6A009E7D34 /* SortedSquares.swift */ = {isa = PBXFileReference; lastKnownFileType = sourcecode.swift; path = SortedSquares.swift; sourceTree = "<group>"; };
		84D45ACA285B1EB9009E7D34 /* MinSubArrayLen.swift */ = {isa = PBXFileReference; lastKnownFileType = sourcecode.swift; path = MinSubArrayLen.swift; sourceTree = "<group>"; };
		84D45ACC285B1F0F009E7D34 /* RemoveElements.swift */ = {isa = PBXFileReference; lastKnownFileType = sourcecode.swift; path = RemoveElements.swift; sourceTree = "<group>"; };
		84D45ACE285B1F35009E7D34 /* Define.swift */ = {isa = PBXFileReference; lastKnownFileType = sourcecode.swift; path = Define.swift; sourceTree = "<group>"; };
		84D45AD0285B2084009E7D34 /* IsAnagram.swift */ = {isa = PBXFileReference; lastKnownFileType = sourcecode.swift; path = IsAnagram.swift; sourceTree = "<group>"; };
		84D45AD3285B20AE009E7D34 /* ReverseString.swift */ = {isa = PBXFileReference; lastKnownFileType = sourcecode.swift; path = ReverseString.swift; sourceTree = "<group>"; };
		84D45AD5285B20C8009E7D34 /* MyQueue.swift */ = {isa = PBXFileReference; lastKnownFileType = sourcecode.swift; path = MyQueue.swift; sourceTree = "<group>"; };
		84D45AD7285B20F7009E7D34 /* Traversal.swift */ = {isa = PBXFileReference; lastKnownFileType = sourcecode.swift; path = Traversal.swift; sourceTree = "<group>"; };
		84D45AD9285B2110009E7D34 /* Fib.swift */ = {isa = PBXFileReference; lastKnownFileType = sourcecode.swift; path = Fib.swift; sourceTree = "<group>"; };
		84D45ADB285B2129009E7D34 /* Combine.swift */ = {isa = PBXFileReference; lastKnownFileType = sourcecode.swift; path = Combine.swift; sourceTree = "<group>"; };
		84D45ADD285B2154009E7D34 /* FindContentChildren.swift */ = {isa = PBXFileReference; lastKnownFileType = sourcecode.swift; path = FindContentChildren.swift; sourceTree = "<group>"; };
		84D45AE3285C61A8009E7D34 /* GenerateMatrix.swift */ = {isa = PBXFileReference; lastKnownFileType = sourcecode.swift; path = GenerateMatrix.swift; sourceTree = "<group>"; };
		84D45AE528604484009E7D34 /* SwapPairs.swift */ = {isa = PBXFileReference; lastKnownFileType = sourcecode.swift; path = SwapPairs.swift; sourceTree = "<group>"; };
		84D45AE72860494D009E7D34 /* RemoveNthFromEnd.swift */ = {isa = PBXFileReference; lastKnownFileType = sourcecode.swift; path = RemoveNthFromEnd.swift; sourceTree = "<group>"; };
		84D45AE928604B13009E7D34 /* DetectCycle.swift */ = {isa = PBXFileReference; lastKnownFileType = sourcecode.swift; path = DetectCycle.swift; sourceTree = "<group>"; };
		84D45AEB28604F08009E7D34 /* Intersection.swift */ = {isa = PBXFileReference; lastKnownFileType = sourcecode.swift; path = Intersection.swift; sourceTree = "<group>"; };
		84D45AED28605195009E7D34 /* IsHappy.swift */ = {isa = PBXFileReference; lastKnownFileType = sourcecode.swift; path = IsHappy.swift; sourceTree = "<group>"; };
		84D45AEF28605364009E7D34 /* Sum.swift */ = {isa = PBXFileReference; lastKnownFileType = sourcecode.swift; path = Sum.swift; sourceTree = "<group>"; };
/* End PBXFileReference section */

/* Begin PBXFrameworksBuildPhase section */
		06E70037219AB34A00ECBDAD /* Frameworks */ = {
			isa = PBXFrameworksBuildPhase;
			buildActionMask = 2147483647;
			files = (
			);
			runOnlyForDeploymentPostprocessing = 0;
		};
		06E7004B219AB35100ECBDAD /* Frameworks */ = {
			isa = PBXFrameworksBuildPhase;
			buildActionMask = 2147483647;
			files = (
			);
			runOnlyForDeploymentPostprocessing = 0;
		};
		06E70056219AB35100ECBDAD /* Frameworks */ = {
			isa = PBXFrameworksBuildPhase;
			buildActionMask = 2147483647;
			files = (
			);
			runOnlyForDeploymentPostprocessing = 0;
		};
/* End PBXFrameworksBuildPhase section */

/* Begin PBXGroup section */
		06E70031219AB34A00ECBDAD = {
			isa = PBXGroup;
			children = (
				06E7003C219AB34A00ECBDAD /* LeetCode */,
				06E70051219AB35100ECBDAD /* LeetCodeTests */,
				06E7005C219AB35100ECBDAD /* LeetCodeUITests */,
				06E7003B219AB34A00ECBDAD /* Products */,
			);
			sourceTree = "<group>";
		};
		06E7003B219AB34A00ECBDAD /* Products */ = {
			isa = PBXGroup;
			children = (
				06E7003A219AB34A00ECBDAD /* LeetCode.app */,
				06E7004E219AB35100ECBDAD /* LeetCodeTests.xctest */,
				06E70059219AB35100ECBDAD /* LeetCodeUITests.xctest */,
			);
			name = Products;
			sourceTree = "<group>";
		};
		06E7003C219AB34A00ECBDAD /* LeetCode */ = {
			isa = PBXGroup;
			children = (
				06E7003D219AB34A00ECBDAD /* AppDelegate.swift */,
				06E7003F219AB34A00ECBDAD /* ViewController.swift */,
				84D45A9428598304009E7D34 /* basic */,
				84D45A932859821E009E7D34 /* 不忘初心 */,
				84D45A8B285981D5009E7D34 /* Array */,
				84D45A8C2859820D009E7D34 /* Node */,
				84D45A8D28598210009E7D34 /* HashMap */,
				84D45AD2285B2099009E7D34 /* String */,
				84D45A8E28598212009E7D34 /* Queue */,
				84D45A8F28598214009E7D34 /* TreeNode */,
				84D45A9128598219009E7D34 /* Dynamic */,
				84D45A9028598217009E7D34 /* BackTrack */,
				84D45A922859821B009E7D34 /* Greed */,
				06E70041219AB34A00ECBDAD /* Main.storyboard */,
				06E70044219AB35000ECBDAD /* Assets.xcassets */,
				06E70046219AB35000ECBDAD /* LaunchScreen.storyboard */,
				06E70049219AB35000ECBDAD /* Info.plist */,
			);
			path = LeetCode;
			sourceTree = "<group>";
		};
		06E70051219AB35100ECBDAD /* LeetCodeTests */ = {
			isa = PBXGroup;
			children = (
				06E70052219AB35100ECBDAD /* LeetCodeTests.swift */,
				06E70054219AB35100ECBDAD /* Info.plist */,
			);
			path = LeetCodeTests;
			sourceTree = "<group>";
		};
		06E7005C219AB35100ECBDAD /* LeetCodeUITests */ = {
			isa = PBXGroup;
			children = (
				06E7005D219AB35100ECBDAD /* LeetCodeUITests.swift */,
				06E7005F219AB35100ECBDAD /* Info.plist */,
			);
			path = LeetCodeUITests;
			sourceTree = "<group>";
		};
		845E35CD284F50D8005C3D92 /* type */ = {
			isa = PBXGroup;
			children = (
				845E35CE284F5124005C3D92 /* LeetCodeArray.swift */,
				845E35D2284F5124005C3D92 /* LeetCodeNode.swift */,
				845E35D0284F5124005C3D92 /* LeetCodeSearch.swift */,
				845E35CF284F5124005C3D92 /* LeetCodeString.swift */,
				845E35D1284F5124005C3D92 /* LeetCodeTreeNode.swift */,
				845E35D3284F5124005C3D92 /* LeetCodeVC.swift */,
			);
			path = type;
			sourceTree = "<group>";
		};
		845E35EE284F5566005C3D92 /* gogogo */ = {
			isa = PBXGroup;
			children = (
				845E35E6284F5551005C3D92 /* BackTrack.swift */,
				845E35E3284F5551005C3D92 /* CodeTop.swift */,
				845E35E5284F5551005C3D92 /* DynamicEx.swift */,
				845E35E4284F5551005C3D92 /* Hot100.swift */,
				845E35E7284F5551005C3D92 /* HW.swift */,
				845E35E2284F5551005C3D92 /* Sort.swift */,
			);
			path = gogogo;
			sourceTree = "<group>";
		};
		84D45A8B285981D5009E7D34 /* Array */ = {
			isa = PBXGroup;
			children = (
				84D45A9528598333009E7D34 /* Search.swift */,
				84D45A97285985F2009E7D34 /* RemoveElement.swift */,
				84D45AC8285B1A6A009E7D34 /* SortedSquares.swift */,
				84D45ACA285B1EB9009E7D34 /* MinSubArrayLen.swift */,
				84D45AE3285C61A8009E7D34 /* GenerateMatrix.swift */,
			);
			path = Array;
			sourceTree = "<group>";
		};
		84D45A8C2859820D009E7D34 /* Node */ = {
			isa = PBXGroup;
			children = (
				84D45ACC285B1F0F009E7D34 /* RemoveElements.swift */,
				84D45AE528604484009E7D34 /* SwapPairs.swift */,
				84D45AE72860494D009E7D34 /* RemoveNthFromEnd.swift */,
				84D45AE928604B13009E7D34 /* DetectCycle.swift */,
			);
			path = Node;
			sourceTree = "<group>";
		};
		84D45A8D28598210009E7D34 /* HashMap */ = {
			isa = PBXGroup;
			children = (
				84D45AD0285B2084009E7D34 /* IsAnagram.swift */,
				84D45AEB28604F08009E7D34 /* Intersection.swift */,
				84D45AED28605195009E7D34 /* IsHappy.swift */,
				84D45AEF28605364009E7D34 /* Sum.swift */,
				848C0076286171CB005FF4ED /* CanConstruct.swift */,
			);
			path = HashMap;
			sourceTree = "<group>";
		};
		84D45A8E28598212009E7D34 /* Queue */ = {
			isa = PBXGroup;
			children = (
				84D45AD5285B20C8009E7D34 /* MyQueue.swift */,
			);
			path = Queue;
			sourceTree = "<group>";
		};
		84D45A8F28598214009E7D34 /* TreeNode */ = {
			isa = PBXGroup;
			children = (
				84D45AD7285B20F7009E7D34 /* Traversal.swift */,
				848C007F2862A97E005FF4ED /* FindBottomLeftValue.swift */,
				848C0081286548D1005FF4ED /* LargestValues.swift */,
			);
			path = TreeNode;
			sourceTree = "<group>";
		};
		84D45A9028598217009E7D34 /* BackTrack */ = {
			isa = PBXGroup;
			children = (
				84D45ADB285B2129009E7D34 /* Combine.swift */,
			);
			path = BackTrack;
			sourceTree = "<group>";
		};
		84D45A9128598219009E7D34 /* Dynamic */ = {
			isa = PBXGroup;
			children = (
				84D45AD9285B2110009E7D34 /* Fib.swift */,
			);
			path = Dynamic;
			sourceTree = "<group>";
		};
		84D45A922859821B009E7D34 /* Greed */ = {
			isa = PBXGroup;
			children = (
				84D45ADD285B2154009E7D34 /* FindContentChildren.swift */,
			);
			path = Greed;
			sourceTree = "<group>";
		};
		84D45A932859821E009E7D34 /* 不忘初心 */ = {
			isa = PBXGroup;
			children = (
				845E35EE284F5566005C3D92 /* gogogo */,
				845E35CD284F50D8005C3D92 /* type */,
			);
			path = "不忘初心";
			sourceTree = "<group>";
		};
		84D45A9428598304009E7D34 /* basic */ = {
			isa = PBXGroup;
			children = (
				845E35DC284F52E2005C3D92 /* basic.swift */,
				84D45ACE285B1F35009E7D34 /* Define.swift */,
			);
			path = basic;
			sourceTree = "<group>";
		};
		84D45AD2285B2099009E7D34 /* String */ = {
			isa = PBXGroup;
			children = (
				84D45AD3285B20AE009E7D34 /* ReverseString.swift */,
				848C0078286194FB005FF4ED /* ReplaceSpace.swift */,
				848C007A28619F46005FF4ED /* StrStr.swift */,
			);
			path = String;
			sourceTree = "<group>";
		};
/* End PBXGroup section */

/* Begin PBXNativeTarget section */
		06E70039219AB34A00ECBDAD /* LeetCode */ = {
			isa = PBXNativeTarget;
			buildConfigurationList = 06E70062219AB35100ECBDAD /* Build configuration list for PBXNativeTarget "LeetCode" */;
			buildPhases = (
				06E70036219AB34A00ECBDAD /* Sources */,
				06E70037219AB34A00ECBDAD /* Frameworks */,
				06E70038219AB34A00ECBDAD /* Resources */,
			);
			buildRules = (
			);
			dependencies = (
			);
			name = LeetCode;
			productName = LeetCode;
			productReference = 06E7003A219AB34A00ECBDAD /* LeetCode.app */;
			productType = "com.apple.product-type.application";
		};
		06E7004D219AB35100ECBDAD /* LeetCodeTests */ = {
			isa = PBXNativeTarget;
			buildConfigurationList = 06E70065219AB35100ECBDAD /* Build configuration list for PBXNativeTarget "LeetCodeTests" */;
			buildPhases = (
				06E7004A219AB35100ECBDAD /* Sources */,
				06E7004B219AB35100ECBDAD /* Frameworks */,
				06E7004C219AB35100ECBDAD /* Resources */,
			);
			buildRules = (
			);
			dependencies = (
				06E70050219AB35100ECBDAD /* PBXTargetDependency */,
			);
			name = LeetCodeTests;
			productName = LeetCodeTests;
			productReference = 06E7004E219AB35100ECBDAD /* LeetCodeTests.xctest */;
			productType = "com.apple.product-type.bundle.unit-test";
		};
		06E70058219AB35100ECBDAD /* LeetCodeUITests */ = {
			isa = PBXNativeTarget;
			buildConfigurationList = 06E70068219AB35100ECBDAD /* Build configuration list for PBXNativeTarget "LeetCodeUITests" */;
			buildPhases = (
				06E70055219AB35100ECBDAD /* Sources */,
				06E70056219AB35100ECBDAD /* Frameworks */,
				06E70057219AB35100ECBDAD /* Resources */,
			);
			buildRules = (
			);
			dependencies = (
				06E7005B219AB35100ECBDAD /* PBXTargetDependency */,
			);
			name = LeetCodeUITests;
			productName = LeetCodeUITests;
			productReference = 06E70059219AB35100ECBDAD /* LeetCodeUITests.xctest */;
			productType = "com.apple.product-type.bundle.ui-testing";
		};
/* End PBXNativeTarget section */

/* Begin PBXProject section */
		06E70032219AB34A00ECBDAD /* Project object */ = {
			isa = PBXProject;
			attributes = {
				LastSwiftUpdateCheck = 1000;
				LastUpgradeCheck = 1000;
				ORGANIZATIONNAME = ios;
				TargetAttributes = {
					06E70039219AB34A00ECBDAD = {
						CreatedOnToolsVersion = 10.0;
					};
					06E7004D219AB35100ECBDAD = {
						CreatedOnToolsVersion = 10.0;
						TestTargetID = 06E70039219AB34A00ECBDAD;
					};
					06E70058219AB35100ECBDAD = {
						CreatedOnToolsVersion = 10.0;
						TestTargetID = 06E70039219AB34A00ECBDAD;
					};
				};
			};
			buildConfigurationList = 06E70035219AB34A00ECBDAD /* Build configuration list for PBXProject "LeetCode" */;
			compatibilityVersion = "Xcode 9.3";
			developmentRegion = en;
			hasScannedForEncodings = 0;
			knownRegions = (
				en,
				Base,
			);
			mainGroup = 06E70031219AB34A00ECBDAD;
			productRefGroup = 06E7003B219AB34A00ECBDAD /* Products */;
			projectDirPath = "";
			projectRoot = "";
			targets = (
				06E70039219AB34A00ECBDAD /* LeetCode */,
				06E7004D219AB35100ECBDAD /* LeetCodeTests */,
				06E70058219AB35100ECBDAD /* LeetCodeUITests */,
			);
		};
/* End PBXProject section */

/* Begin PBXResourcesBuildPhase section */
		06E70038219AB34A00ECBDAD /* Resources */ = {
			isa = PBXResourcesBuildPhase;
			buildActionMask = 2147483647;
			files = (
				06E70048219AB35000ECBDAD /* LaunchScreen.storyboard in Resources */,
				06E70045219AB35000ECBDAD /* Assets.xcassets in Resources */,
				06E70043219AB34A00ECBDAD /* Main.storyboard in Resources */,
			);
			runOnlyForDeploymentPostprocessing = 0;
		};
		06E7004C219AB35100ECBDAD /* Resources */ = {
			isa = PBXResourcesBuildPhase;
			buildActionMask = 2147483647;
			files = (
			);
			runOnlyForDeploymentPostprocessing = 0;
		};
		06E70057219AB35100ECBDAD /* Resources */ = {
			isa = PBXResourcesBuildPhase;
			buildActionMask = 2147483647;
			files = (
			);
			runOnlyForDeploymentPostprocessing = 0;
		};
/* End PBXResourcesBuildPhase section */

/* Begin PBXSourcesBuildPhase section */
		06E70036219AB34A00ECBDAD /* Sources */ = {
			isa = PBXSourcesBuildPhase;
			buildActionMask = 2147483647;
			files = (
				84D45AE628604484009E7D34 /* SwapPairs.swift in Sources */,
				845E35D4284F5124005C3D92 /* LeetCodeArray.swift in Sources */,
				84D45ADE285B2154009E7D34 /* FindContentChildren.swift in Sources */,
				84D45AC9285B1A6A009E7D34 /* SortedSquares.swift in Sources */,
				845E35D9284F5124005C3D92 /* LeetCodeVC.swift in Sources */,
				84D45A98285985F2009E7D34 /* RemoveElement.swift in Sources */,
				06E70040219AB34A00ECBDAD /* ViewController.swift in Sources */,
				845E35EA284F5551005C3D92 /* Hot100.swift in Sources */,
				848C0082286548D1005FF4ED /* LargestValues.swift in Sources */,
				845E35EB284F5551005C3D92 /* DynamicEx.swift in Sources */,
				84D45ADA285B2110009E7D34 /* Fib.swift in Sources */,
				845E35E8284F5551005C3D92 /* Sort.swift in Sources */,
				845E35DD284F52E2005C3D92 /* basic.swift in Sources */,
				84D45AEC28604F08009E7D34 /* Intersection.swift in Sources */,
				84D45AD8285B20F7009E7D34 /* Traversal.swift in Sources */,
				845E35D8284F5124005C3D92 /* LeetCodeNode.swift in Sources */,
				848C007B28619F46005FF4ED /* StrStr.swift in Sources */,
				84D45ACB285B1EB9009E7D34 /* MinSubArrayLen.swift in Sources */,
				84D45AD6285B20C8009E7D34 /* MyQueue.swift in Sources */,
				845E35ED284F5551005C3D92 /* HW.swift in Sources */,
				848C00802862A97E005FF4ED /* FindBottomLeftValue.swift in Sources */,
				84D45AD4285B20AE009E7D34 /* ReverseString.swift in Sources */,
				84D45AE4285C61A8009E7D34 /* GenerateMatrix.swift in Sources */,
				06E7003E219AB34A00ECBDAD /* AppDelegate.swift in Sources */,
				84D45ACF285B1F35009E7D34 /* Define.swift in Sources */,
				84D45AEA28604B13009E7D34 /* DetectCycle.swift in Sources */,
				845E35D6284F5124005C3D92 /* LeetCodeSearch.swift in Sources */,
				848C0079286194FB005FF4ED /* ReplaceSpace.swift in Sources */,
				848C0077286171CB005FF4ED /* CanConstruct.swift in Sources */,
				84D45AEE28605195009E7D34 /* IsHappy.swift in Sources */,
				84D45AF028605364009E7D34 /* Sum.swift in Sources */,
				84D45AD1285B2084009E7D34 /* IsAnagram.swift in Sources */,
				845E35D7284F5124005C3D92 /* LeetCodeTreeNode.swift in Sources */,
				845E35E9284F5551005C3D92 /* CodeTop.swift in Sources */,
				84D45A9628598333009E7D34 /* Search.swift in Sources */,
				84D45ACD285B1F0F009E7D34 /* RemoveElements.swift in Sources */,
				84D45ADC285B2129009E7D34 /* Combine.swift in Sources */,
				84D45AE82860494D009E7D34 /* RemoveNthFromEnd.swift in Sources */,
				845E35EC284F5551005C3D92 /* BackTrack.swift in Sources */,
				845E35D5284F5124005C3D92 /* LeetCodeString.swift in Sources */,
			);
			runOnlyForDeploymentPostprocessing = 0;
		};
		06E7004A219AB35100ECBDAD /* Sources */ = {
			isa = PBXSourcesBuildPhase;
			buildActionMask = 2147483647;
			files = (
				06E70053219AB35100ECBDAD /* LeetCodeTests.swift in Sources */,
			);
			runOnlyForDeploymentPostprocessing = 0;
		};
		06E70055219AB35100ECBDAD /* Sources */ = {
			isa = PBXSourcesBuildPhase;
			buildActionMask = 2147483647;
			files = (
				06E7005E219AB35100ECBDAD /* LeetCodeUITests.swift in Sources */,
			);
			runOnlyForDeploymentPostprocessing = 0;
		};
/* End PBXSourcesBuildPhase section */

/* Begin PBXTargetDependency section */
		06E70050219AB35100ECBDAD /* PBXTargetDependency */ = {
			isa = PBXTargetDependency;
			target = 06E70039219AB34A00ECBDAD /* LeetCode */;
			targetProxy = 06E7004F219AB35100ECBDAD /* PBXContainerItemProxy */;
		};
		06E7005B219AB35100ECBDAD /* PBXTargetDependency */ = {
			isa = PBXTargetDependency;
			target = 06E70039219AB34A00ECBDAD /* LeetCode */;
			targetProxy = 06E7005A219AB35100ECBDAD /* PBXContainerItemProxy */;
		};
/* End PBXTargetDependency section */

/* Begin PBXVariantGroup section */
		06E70041219AB34A00ECBDAD /* Main.storyboard */ = {
			isa = PBXVariantGroup;
			children = (
				06E70042219AB34A00ECBDAD /* Base */,
			);
			name = Main.storyboard;
			sourceTree = "<group>";
		};
		06E70046219AB35000ECBDAD /* LaunchScreen.storyboard */ = {
			isa = PBXVariantGroup;
			children = (
				06E70047219AB35000ECBDAD /* Base */,
			);
			name = LaunchScreen.storyboard;
			sourceTree = "<group>";
		};
/* End PBXVariantGroup section */

/* Begin XCBuildConfiguration section */
		06E70060219AB35100ECBDAD /* Debug */ = {
			isa = XCBuildConfiguration;
			buildSettings = {
				ALWAYS_SEARCH_USER_PATHS = NO;
				CLANG_ANALYZER_NONNULL = YES;
				CLANG_ANALYZER_NUMBER_OBJECT_CONVERSION = YES_AGGRESSIVE;
				CLANG_CXX_LANGUAGE_STANDARD = "gnu++14";
				CLANG_CXX_LIBRARY = "libc++";
				CLANG_ENABLE_MODULES = YES;
				CLANG_ENABLE_OBJC_ARC = YES;
				CLANG_ENABLE_OBJC_WEAK = YES;
				CLANG_WARN_BLOCK_CAPTURE_AUTORELEASING = YES;
				CLANG_WARN_BOOL_CONVERSION = YES;
				CLANG_WARN_COMMA = YES;
				CLANG_WARN_CONSTANT_CONVERSION = YES;
				CLANG_WARN_DEPRECATED_OBJC_IMPLEMENTATIONS = YES;
				CLANG_WARN_DIRECT_OBJC_ISA_USAGE = YES_ERROR;
				CLANG_WARN_DOCUMENTATION_COMMENTS = YES;
				CLANG_WARN_EMPTY_BODY = YES;
				CLANG_WARN_ENUM_CONVERSION = YES;
				CLANG_WARN_INFINITE_RECURSION = YES;
				CLANG_WARN_INT_CONVERSION = YES;
				CLANG_WARN_NON_LITERAL_NULL_CONVERSION = YES;
				CLANG_WARN_OBJC_IMPLICIT_RETAIN_SELF = YES;
				CLANG_WARN_OBJC_LITERAL_CONVERSION = YES;
				CLANG_WARN_OBJC_ROOT_CLASS = YES_ERROR;
				CLANG_WARN_RANGE_LOOP_ANALYSIS = YES;
				CLANG_WARN_STRICT_PROTOTYPES = YES;
				CLANG_WARN_SUSPICIOUS_MOVE = YES;
				CLANG_WARN_UNGUARDED_AVAILABILITY = YES_AGGRESSIVE;
				CLANG_WARN_UNREACHABLE_CODE = YES;
				CLANG_WARN__DUPLICATE_METHOD_MATCH = YES;
				CODE_SIGN_IDENTITY = "iPhone Developer";
				COPY_PHASE_STRIP = NO;
				DEBUG_INFORMATION_FORMAT = dwarf;
				ENABLE_STRICT_OBJC_MSGSEND = YES;
				ENABLE_TESTABILITY = YES;
				GCC_C_LANGUAGE_STANDARD = gnu11;
				GCC_DYNAMIC_NO_PIC = NO;
				GCC_NO_COMMON_BLOCKS = YES;
				GCC_OPTIMIZATION_LEVEL = 0;
				GCC_PREPROCESSOR_DEFINITIONS = (
					"DEBUG=1",
					"$(inherited)",
				);
				GCC_WARN_64_TO_32_BIT_CONVERSION = YES;
				GCC_WARN_ABOUT_RETURN_TYPE = YES_ERROR;
				GCC_WARN_UNDECLARED_SELECTOR = YES;
				GCC_WARN_UNINITIALIZED_AUTOS = YES_AGGRESSIVE;
				GCC_WARN_UNUSED_FUNCTION = YES;
				GCC_WARN_UNUSED_VARIABLE = YES;
				IPHONEOS_DEPLOYMENT_TARGET = 12.0;
				MTL_ENABLE_DEBUG_INFO = INCLUDE_SOURCE;
				MTL_FAST_MATH = YES;
				ONLY_ACTIVE_ARCH = YES;
				SDKROOT = iphoneos;
				SWIFT_ACTIVE_COMPILATION_CONDITIONS = DEBUG;
				SWIFT_OPTIMIZATION_LEVEL = "-Onone";
			};
			name = Debug;
		};
		06E70061219AB35100ECBDAD /* Release */ = {
			isa = XCBuildConfiguration;
			buildSettings = {
				ALWAYS_SEARCH_USER_PATHS = NO;
				CLANG_ANALYZER_NONNULL = YES;
				CLANG_ANALYZER_NUMBER_OBJECT_CONVERSION = YES_AGGRESSIVE;
				CLANG_CXX_LANGUAGE_STANDARD = "gnu++14";
				CLANG_CXX_LIBRARY = "libc++";
				CLANG_ENABLE_MODULES = YES;
				CLANG_ENABLE_OBJC_ARC = YES;
				CLANG_ENABLE_OBJC_WEAK = YES;
				CLANG_WARN_BLOCK_CAPTURE_AUTORELEASING = YES;
				CLANG_WARN_BOOL_CONVERSION = YES;
				CLANG_WARN_COMMA = YES;
				CLANG_WARN_CONSTANT_CONVERSION = YES;
				CLANG_WARN_DEPRECATED_OBJC_IMPLEMENTATIONS = YES;
				CLANG_WARN_DIRECT_OBJC_ISA_USAGE = YES_ERROR;
				CLANG_WARN_DOCUMENTATION_COMMENTS = YES;
				CLANG_WARN_EMPTY_BODY = YES;
				CLANG_WARN_ENUM_CONVERSION = YES;
				CLANG_WARN_INFINITE_RECURSION = YES;
				CLANG_WARN_INT_CONVERSION = YES;
				CLANG_WARN_NON_LITERAL_NULL_CONVERSION = YES;
				CLANG_WARN_OBJC_IMPLICIT_RETAIN_SELF = YES;
				CLANG_WARN_OBJC_LITERAL_CONVERSION = YES;
				CLANG_WARN_OBJC_ROOT_CLASS = YES_ERROR;
				CLANG_WARN_RANGE_LOOP_ANALYSIS = YES;
				CLANG_WARN_STRICT_PROTOTYPES = YES;
				CLANG_WARN_SUSPICIOUS_MOVE = YES;
				CLANG_WARN_UNGUARDED_AVAILABILITY = YES_AGGRESSIVE;
				CLANG_WARN_UNREACHABLE_CODE = YES;
				CLANG_WARN__DUPLICATE_METHOD_MATCH = YES;
				CODE_SIGN_IDENTITY = "iPhone Developer";
				COPY_PHASE_STRIP = NO;
				DEBUG_INFORMATION_FORMAT = "dwarf-with-dsym";
				ENABLE_NS_ASSERTIONS = NO;
				ENABLE_STRICT_OBJC_MSGSEND = YES;
				GCC_C_LANGUAGE_STANDARD = gnu11;
				GCC_NO_COMMON_BLOCKS = YES;
				GCC_WARN_64_TO_32_BIT_CONVERSION = YES;
				GCC_WARN_ABOUT_RETURN_TYPE = YES_ERROR;
				GCC_WARN_UNDECLARED_SELECTOR = YES;
				GCC_WARN_UNINITIALIZED_AUTOS = YES_AGGRESSIVE;
				GCC_WARN_UNUSED_FUNCTION = YES;
				GCC_WARN_UNUSED_VARIABLE = YES;
				IPHONEOS_DEPLOYMENT_TARGET = 12.0;
				MTL_ENABLE_DEBUG_INFO = NO;
				MTL_FAST_MATH = YES;
				SDKROOT = iphoneos;
				SWIFT_COMPILATION_MODE = wholemodule;
				SWIFT_OPTIMIZATION_LEVEL = "-O";
				VALIDATE_PRODUCT = YES;
			};
			name = Release;
		};
		06E70063219AB35100ECBDAD /* Debug */ = {
			isa = XCBuildConfiguration;
			buildSettings = {
				ASSETCATALOG_COMPILER_APPICON_NAME = AppIcon;
				CODE_SIGN_STYLE = Automatic;
				INFOPLIST_FILE = LeetCode/Info.plist;
				LD_RUNPATH_SEARCH_PATHS = (
					"$(inherited)",
					"@executable_path/Frameworks",
				);
				PRODUCT_BUNDLE_IDENTIFIER = ios.LeetCode;
				PRODUCT_NAME = "$(TARGET_NAME)";
				SWIFT_VERSION = 4.2;
				TARGETED_DEVICE_FAMILY = "1,2";
			};
			name = Debug;
		};
		06E70064219AB35100ECBDAD /* Release */ = {
			isa = XCBuildConfiguration;
			buildSettings = {
				ASSETCATALOG_COMPILER_APPICON_NAME = AppIcon;
				CODE_SIGN_STYLE = Automatic;
				INFOPLIST_FILE = LeetCode/Info.plist;
				LD_RUNPATH_SEARCH_PATHS = (
					"$(inherited)",
					"@executable_path/Frameworks",
				);
				PRODUCT_BUNDLE_IDENTIFIER = ios.LeetCode;
				PRODUCT_NAME = "$(TARGET_NAME)";
				SWIFT_VERSION = 4.2;
				TARGETED_DEVICE_FAMILY = "1,2";
			};
			name = Release;
		};
		06E70066219AB35100ECBDAD /* Debug */ = {
			isa = XCBuildConfiguration;
			buildSettings = {
				ALWAYS_EMBED_SWIFT_STANDARD_LIBRARIES = YES;
				BUNDLE_LOADER = "$(TEST_HOST)";
				CODE_SIGN_STYLE = Automatic;
				INFOPLIST_FILE = LeetCodeTests/Info.plist;
				LD_RUNPATH_SEARCH_PATHS = (
					"$(inherited)",
					"@executable_path/Frameworks",
					"@loader_path/Frameworks",
				);
				PRODUCT_BUNDLE_IDENTIFIER = ios.LeetCodeTests;
				PRODUCT_NAME = "$(TARGET_NAME)";
				SWIFT_VERSION = 4.2;
				TARGETED_DEVICE_FAMILY = "1,2";
				TEST_HOST = "$(BUILT_PRODUCTS_DIR)/LeetCode.app/LeetCode";
			};
			name = Debug;
		};
		06E70067219AB35100ECBDAD /* Release */ = {
			isa = XCBuildConfiguration;
			buildSettings = {
				ALWAYS_EMBED_SWIFT_STANDARD_LIBRARIES = YES;
				BUNDLE_LOADER = "$(TEST_HOST)";
				CODE_SIGN_STYLE = Automatic;
				INFOPLIST_FILE = LeetCodeTests/Info.plist;
				LD_RUNPATH_SEARCH_PATHS = (
					"$(inherited)",
					"@executable_path/Frameworks",
					"@loader_path/Frameworks",
				);
				PRODUCT_BUNDLE_IDENTIFIER = ios.LeetCodeTests;
				PRODUCT_NAME = "$(TARGET_NAME)";
				SWIFT_VERSION = 4.2;
				TARGETED_DEVICE_FAMILY = "1,2";
				TEST_HOST = "$(BUILT_PRODUCTS_DIR)/LeetCode.app/LeetCode";
			};
			name = Release;
		};
		06E70069219AB35100ECBDAD /* Debug */ = {
			isa = XCBuildConfiguration;
			buildSettings = {
				ALWAYS_EMBED_SWIFT_STANDARD_LIBRARIES = YES;
				CODE_SIGN_STYLE = Automatic;
				INFOPLIST_FILE = LeetCodeUITests/Info.plist;
				LD_RUNPATH_SEARCH_PATHS = (
					"$(inherited)",
					"@executable_path/Frameworks",
					"@loader_path/Frameworks",
				);
				PRODUCT_BUNDLE_IDENTIFIER = ios.LeetCodeUITests;
				PRODUCT_NAME = "$(TARGET_NAME)";
				SWIFT_VERSION = 4.2;
				TARGETED_DEVICE_FAMILY = "1,2";
				TEST_TARGET_NAME = LeetCode;
			};
			name = Debug;
		};
		06E7006A219AB35100ECBDAD /* Release */ = {
			isa = XCBuildConfiguration;
			buildSettings = {
				ALWAYS_EMBED_SWIFT_STANDARD_LIBRARIES = YES;
				CODE_SIGN_STYLE = Automatic;
				INFOPLIST_FILE = LeetCodeUITests/Info.plist;
				LD_RUNPATH_SEARCH_PATHS = (
					"$(inherited)",
					"@executable_path/Frameworks",
					"@loader_path/Frameworks",
				);
				PRODUCT_BUNDLE_IDENTIFIER = ios.LeetCodeUITests;
				PRODUCT_NAME = "$(TARGET_NAME)";
				SWIFT_VERSION = 4.2;
				TARGETED_DEVICE_FAMILY = "1,2";
				TEST_TARGET_NAME = LeetCode;
			};
			name = Release;
		};
/* End XCBuildConfiguration section */

/* Begin XCConfigurationList section */
		06E70035219AB34A00ECBDAD /* Build configuration list for PBXProject "LeetCode" */ = {
			isa = XCConfigurationList;
			buildConfigurations = (
				06E70060219AB35100ECBDAD /* Debug */,
				06E70061219AB35100ECBDAD /* Release */,
			);
			defaultConfigurationIsVisible = 0;
			defaultConfigurationName = Release;
		};
		06E70062219AB35100ECBDAD /* Build configuration list for PBXNativeTarget "LeetCode" */ = {
			isa = XCConfigurationList;
			buildConfigurations = (
				06E70063219AB35100ECBDAD /* Debug */,
				06E70064219AB35100ECBDAD /* Release */,
			);
			defaultConfigurationIsVisible = 0;
			defaultConfigurationName = Release;
		};
		06E70065219AB35100ECBDAD /* Build configuration list for PBXNativeTarget "LeetCodeTests" */ = {
			isa = XCConfigurationList;
			buildConfigurations = (
				06E70066219AB35100ECBDAD /* Debug */,
				06E70067219AB35100ECBDAD /* Release */,
			);
			defaultConfigurationIsVisible = 0;
			defaultConfigurationName = Release;
		};
		06E70068219AB35100ECBDAD /* Build configuration list for PBXNativeTarget "LeetCodeUITests" */ = {
			isa = XCConfigurationList;
			buildConfigurations = (
				06E70069219AB35100ECBDAD /* Debug */,
				06E7006A219AB35100ECBDAD /* Release */,
			);
			defaultConfigurationIsVisible = 0;
			defaultConfigurationName = Release;
		};
/* End XCConfigurationList section */
	};
	rootObject = 06E70032219AB34A00ECBDAD /* Project object */;
}
