// !$*UTF8*$!
{
	archiveVersion = 1;
	classes = {
	};
	objectVersion = 50;
	objects = {

/* Begin PBXBuildFile section */
		06E7003E219AB34A00ECBDAD /* AppDelegate.swift in Sources */ = {isa = PBXBuildFile; fileRef = 06E7003D219AB34A00ECBDAD /* AppDelegate.swift */; };
		06E70040219AB34A00ECBDAD /* ViewController.swift in Sources */ = {isa = PBXBuildFile; fileRef = 06E7003F219AB34A00ECBDAD /* ViewController.swift */; };
		06E70043219AB34A00ECBDAD /* Main.storyboard in Resources */ = {isa = PBXBuildFile; fileRef = 06E70041219AB34A00ECBDAD /* Main.storyboard */; };
		06E70045219AB35000ECBDAD /* Assets.xcassets in Resources */ = {isa = PBXBuildFile; fileRef = 06E70044219AB35000ECBDAD /* Assets.xcassets */; };
		06E70048219AB35000ECBDAD /* LaunchScreen.storyboard in Resources */ = {isa = PBXBuildFile; fileRef = 06E70046219AB35000ECBDAD /* LaunchScreen.storyboard */; };
		06E70053219AB35100ECBDAD /* LeetCodeTests.swift in Sources */ = {isa = PBXBuildFile; fileRef = 06E70052219AB35100ECBDAD /* LeetCodeTests.swift */; };
		06E7005E219AB35100ECBDAD /* LeetCodeUITests.swift in Sources */ = {isa = PBXBuildFile; fileRef = 06E7005D219AB35100ECBDAD /* LeetCodeUITests.swift */; };
		06E7006F219AB42300ECBDAD /* leetcode_01.swift in Sources */ = {isa = PBXBuildFile; fileRef = 06E7006E219AB42300ECBDAD /* leetcode_01.swift */; };
/* End PBXBuildFile section */

/* Begin PBXContainerItemProxy section */
		06E7004F219AB35100ECBDAD /* PBXContainerItemProxy */ = {
			isa = PBXContainerItemProxy;
			containerPortal = 06E70032219AB34A00ECBDAD /* Project object */;
			proxyType = 1;
			remoteGlobalIDString = 06E70039219AB34A00ECBDAD;
			remoteInfo = LeetCode;
		};
		06E7005A219AB35100ECBDAD /* PBXContainerItemProxy */ = {
			isa = PBXContainerItemProxy;
			containerPortal = 06E70032219AB34A00ECBDAD /* Project object */;
			proxyType = 1;
			remoteGlobalIDString = 06E70039219AB34A00ECBDAD;
			remoteInfo = LeetCode;
		};
/* End PBXContainerItemProxy section */

/* Begin PBXFileReference section */
		06E7003A219AB34A00ECBDAD /* LeetCode.app */ = {isa = PBXFileReference; explicitFileType = wrapper.application; includeInIndex = 0; path = LeetCode.app; sourceTree = BUILT_PRODUCTS_DIR; };
		06E7003D219AB34A00ECBDAD /* AppDelegate.swift */ = {isa = PBXFileReference; lastKnownFileType = sourcecode.swift; path = AppDelegate.swift; sourceTree = "<group>"; };
		06E7003F219AB34A00ECBDAD /* ViewController.swift */ = {isa = PBXFileReference; lastKnownFileType = sourcecode.swift; path = ViewController.swift; sourceTree = "<group>"; };
		06E70042219AB34A00ECBDAD /* Base */ = {isa = PBXFileReference; lastKnownFileType = file.storyboard; name = Base; path = Base.lproj/Main.storyboard; sourceTree = "<group>"; };
		06E70044219AB35000ECBDAD /* Assets.xcassets */ = {isa = PBXFileReference; lastKnownFileType = folder.assetcatalog; path = Assets.xcassets; sourceTree = "<group>"; };
		06E70047219AB35000ECBDAD /* Base */ = {isa = PBXFileReference; lastKnownFileType = file.storyboard; name = Base; path = Base.lproj/LaunchScreen.storyboard; sourceTree = "<group>"; };
		06E70049219AB35000ECBDAD /* Info.plist */ = {isa = PBXFileReference; lastKnownFileType = text.plist.xml; path = Info.plist; sourceTree = "<group>"; };
		06E7004E219AB35100ECBDAD /* LeetCodeTests.xctest */ = {isa = PBXFileReference; explicitFileType = wrapper.cfbundle; includeInIndex = 0; path = LeetCodeTests.xctest; sourceTree = BUILT_PRODUCTS_DIR; };
		06E70052219AB35100ECBDAD /* LeetCodeTests.swift */ = {isa = PBXFileReference; lastKnownFileType = sourcecode.swift; path = LeetCodeTests.swift; sourceTree = "<group>"; };
		06E70054219AB35100ECBDAD /* Info.plist */ = {isa = PBXFileReference; lastKnownFileType = text.plist.xml; path = Info.plist; sourceTree = "<group>"; };
		06E70059219AB35100ECBDAD /* LeetCodeUITests.xctest */ = {isa = PBXFileReference; explicitFileType = wrapper.cfbundle; includeInIndex = 0; path = LeetCodeUITests.xctest; sourceTree = BUILT_PRODUCTS_DIR; };
		06E7005D219AB35100ECBDAD /* LeetCodeUITests.swift */ = {isa = PBXFileReference; lastKnownFileType = sourcecode.swift; path = LeetCodeUITests.swift; sourceTree = "<group>"; };
		06E7005F219AB35100ECBDAD /* Info.plist */ = {isa = PBXFileReference; lastKnownFileType = text.plist.xml; path = Info.plist; sourceTree = "<group>"; };
		06E7006E219AB42300ECBDAD /* leetcode_01.swift */ = {isa = PBXFileReference; fileEncoding = 4; lastKnownFileType = sourcecode.swift; path = leetcode_01.swift; sourceTree = "<group>"; };
/* End PBXFileReference section */

/* Begin PBXFrameworksBuildPhase section */
		06E70037219AB34A00ECBDAD /* Frameworks */ = {
			isa = PBXFrameworksBuildPhase;
			buildActionMask = 2147483647;
			files = (
			);
			runOnlyForDeploymentPostprocessing = 0;
		};
		06E7004B219AB35100ECBDAD /* Frameworks */ = {
			isa = PBXFrameworksBuildPhase;
			buildActionMask = 2147483647;
			files = (
			);
			runOnlyForDeploymentPostprocessing = 0;
		};
		06E70056219AB35100ECBDAD /* Frameworks */ = {
			isa = PBXFrameworksBuildPhase;
			buildActionMask = 2147483647;
			files = (
			);
			runOnlyForDeploymentPostprocessing = 0;
		};
/* End PBXFrameworksBuildPhase section */

/* Begin PBXGroup section */
		06E70031219AB34A00ECBDAD = {
			isa = PBXGroup;
			children = (
				06E7003C219AB34A00ECBDAD /* LeetCode */,
				06E70051219AB35100ECBDAD /* LeetCodeTests */,
				06E7005C219AB35100ECBDAD /* LeetCodeUITests */,
				06E7003B219AB34A00ECBDAD /* Products */,
			);
			sourceTree = "<group>";
		};
		06E7003B219AB34A00ECBDAD /* Products */ = {
			isa = PBXGroup;
			children = (
				06E7003A219AB34A00ECBDAD /* LeetCode.app */,
				06E7004E219AB35100ECBDAD /* LeetCodeTests.xctest */,
				06E70059219AB35100ECBDAD /* LeetCodeUITests.xctest */,
			);
			name = Products;
			sourceTree = "<group>";
		};
		06E7003C219AB34A00ECBDAD /* LeetCode */ = {
			isa = PBXGroup;
			children = (
				06E7003D219AB34A00ECBDAD /* AppDelegate.swift */,
				06E7003F219AB34A00ECBDAD /* ViewController.swift */,
				06E70041219AB34A00ECBDAD /* Main.storyboard */,
				06E7006D219AB42300ECBDAD /* Questions */,
				06E70044219AB35000ECBDAD /* Assets.xcassets */,
				06E70046219AB35000ECBDAD /* LaunchScreen.storyboard */,
				06E70049219AB35000ECBDAD /* Info.plist */,
			);
			path = LeetCode;
			sourceTree = "<group>";
		};
		06E70051219AB35100ECBDAD /* LeetCodeTests */ = {
			isa = PBXGroup;
			children = (
				06E70052219AB35100ECBDAD /* LeetCodeTests.swift */,
				06E70054219AB35100ECBDAD /* Info.plist */,
			);
			path = LeetCodeTests;
			sourceTree = "<group>";
		};
		06E7005C219AB35100ECBDAD /* LeetCodeUITests */ = {
			isa = PBXGroup;
			children = (
				06E7005D219AB35100ECBDAD /* LeetCodeUITests.swift */,
				06E7005F219AB35100ECBDAD /* Info.plist */,
			);
			path = LeetCodeUITests;
			sourceTree = "<group>";
		};
		06E7006D219AB42300ECBDAD /* Questions */ = {
			isa = PBXGroup;
			children = (
				06E7006E219AB42300ECBDAD /* leetcode_01.swift */,
			);
			path = Questions;
			sourceTree = "<group>";
		};
/* End PBXGroup section */

/* Begin PBXNativeTarget section */
		06E70039219AB34A00ECBDAD /* LeetCode */ = {
			isa = PBXNativeTarget;
			buildConfigurationList = 06E70062219AB35100ECBDAD /* Build configuration list for PBXNativeTarget "LeetCode" */;
			buildPhases = (
				06E70036219AB34A00ECBDAD /* Sources */,
				06E70037219AB34A00ECBDAD /* Frameworks */,
				06E70038219AB34A00ECBDAD /* Resources */,
			);
			buildRules = (
			);
			dependencies = (
			);
			name = LeetCode;
			productName = LeetCode;
			productReference = 06E7003A219AB34A00ECBDAD /* LeetCode.app */;
			productType = "com.apple.product-type.application";
		};
		06E7004D219AB35100ECBDAD /* LeetCodeTests */ = {
			isa = PBXNativeTarget;
			buildConfigurationList = 06E70065219AB35100ECBDAD /* Build configuration list for PBXNativeTarget "LeetCodeTests" */;
			buildPhases = (
				06E7004A219AB35100ECBDAD /* Sources */,
				06E7004B219AB35100ECBDAD /* Frameworks */,
				06E7004C219AB35100ECBDAD /* Resources */,
			);
			buildRules = (
			);
			dependencies = (
				06E70050219AB35100ECBDAD /* PBXTargetDependency */,
			);
			name = LeetCodeTests;
			productName = LeetCodeTests;
			productReference = 06E7004E219AB35100ECBDAD /* LeetCodeTests.xctest */;
			productType = "com.apple.product-type.bundle.unit-test";
		};
		06E70058219AB35100ECBDAD /* LeetCodeUITests */ = {
			isa = PBXNativeTarget;
			buildConfigurationList = 06E70068219AB35100ECBDAD /* Build configuration list for PBXNativeTarget "LeetCodeUITests" */;
			buildPhases = (
				06E70055219AB35100ECBDAD /* Sources */,
				06E70056219AB35100ECBDAD /* Frameworks */,
				06E70057219AB35100ECBDAD /* Resources */,
			);
			buildRules = (
			);
			dependencies = (
				06E7005B219AB35100ECBDAD /* PBXTargetDependency */,
			);
			name = LeetCodeUITests;
			productName = LeetCodeUITests;
			productReference = 06E70059219AB35100ECBDAD /* LeetCodeUITests.xctest */;
			productType = "com.apple.product-type.bundle.ui-testing";
		};
/* End PBXNativeTarget section */

/* Begin PBXProject section */
		06E70032219AB34A00ECBDAD /* Project object */ = {
			isa = PBXProject;
			attributes = {
				LastSwiftUpdateCheck = 1000;
				LastUpgradeCheck = 1000;
				ORGANIZATIONNAME = ios;
				TargetAttributes = {
					06E70039219AB34A00ECBDAD = {
						CreatedOnToolsVersion = 10.0;
					};
					06E7004D219AB35100ECBDAD = {
						CreatedOnToolsVersion = 10.0;
						TestTargetID = 06E70039219AB34A00ECBDAD;
					};
					06E70058219AB35100ECBDAD = {
						CreatedOnToolsVersion = 10.0;
						TestTargetID = 06E70039219AB34A00ECBDAD;
					};
				};
			};
			buildConfigurationList = 06E70035219AB34A00ECBDAD /* Build configuration list for PBXProject "LeetCode" */;
			compatibilityVersion = "Xcode 9.3";
			developmentRegion = en;
			hasScannedForEncodings = 0;
			knownRegions = (
				en,
				Base,
			);
			mainGroup = 06E70031219AB34A00ECBDAD;
			productRefGroup = 06E7003B219AB34A00ECBDAD /* Products */;
			projectDirPath = "";
			projectRoot = "";
			targets = (
				06E70039219AB34A00ECBDAD /* LeetCode */,
				06E7004D219AB35100ECBDAD /* LeetCodeTests */,
				06E70058219AB35100ECBDAD /* LeetCodeUITests */,
			);
		};
/* End PBXProject section */

/* Begin PBXResourcesBuildPhase section */
		06E70038219AB34A00ECBDAD /* Resources */ = {
			isa = PBXResourcesBuildPhase;
			buildActionMask = 2147483647;
			files = (
				06E70048219AB35000ECBDAD /* LaunchScreen.storyboard in Resources */,
				06E70045219AB35000ECBDAD /* Assets.xcassets in Resources */,
				06E70043219AB34A00ECBDAD /* Main.storyboard in Resources */,
			);
			runOnlyForDeploymentPostprocessing = 0;
		};
		06E7004C219AB35100ECBDAD /* Resources */ = {
			isa = PBXResourcesBuildPhase;
			buildActionMask = 2147483647;
			files = (
			);
			runOnlyForDeploymentPostprocessing = 0;
		};
		06E70057219AB35100ECBDAD /* Resources */ = {
			isa = PBXResourcesBuildPhase;
			buildActionMask = 2147483647;
			files = (
			);
			runOnlyForDeploymentPostprocessing = 0;
		};
/* End PBXResourcesBuildPhase section */

/* Begin PBXSourcesBuildPhase section */
		06E70036219AB34A00ECBDAD /* Sources */ = {
			isa = PBXSourcesBuildPhase;
			buildActionMask = 2147483647;
			files = (
				06E7006F219AB42300ECBDAD /* leetcode_01.swift in Sources */,
				06E70040219AB34A00ECBDAD /* ViewController.swift in Sources */,
				06E7003E219AB34A00ECBDAD /* AppDelegate.swift in Sources */,
			);
			runOnlyForDeploymentPostprocessing = 0;
		};
		06E7004A219AB35100ECBDAD /* Sources */ = {
			isa = PBXSourcesBuildPhase;
			buildActionMask = 2147483647;
			files = (
				06E70053219AB35100ECBDAD /* LeetCodeTests.swift in Sources */,
			);
			runOnlyForDeploymentPostprocessing = 0;
		};
		06E70055219AB35100ECBDAD /* Sources */ = {
			isa = PBXSourcesBuildPhase;
			buildActionMask = 2147483647;
			files = (
				06E7005E219AB35100ECBDAD /* LeetCodeUITests.swift in Sources */,
			);
			runOnlyForDeploymentPostprocessing = 0;
		};
/* End PBXSourcesBuildPhase section */

/* Begin PBXTargetDependency section */
		06E70050219AB35100ECBDAD /* PBXTargetDependency */ = {
			isa = PBXTargetDependency;
			target = 06E70039219AB34A00ECBDAD /* LeetCode */;
			targetProxy = 06E7004F219AB35100ECBDAD /* PBXContainerItemProxy */;
		};
		06E7005B219AB35100ECBDAD /* PBXTargetDependency */ = {
			isa = PBXTargetDependency;
			target = 06E70039219AB34A00ECBDAD /* LeetCode */;
			targetProxy = 06E7005A219AB35100ECBDAD /* PBXContainerItemProxy */;
		};
/* End PBXTargetDependency section */

/* Begin PBXVariantGroup section */
		06E70041219AB34A00ECBDAD /* Main.storyboard */ = {
			isa = PBXVariantGroup;
			children = (
				06E70042219AB34A00ECBDAD /* Base */,
			);
			name = Main.storyboard;
			sourceTree = "<group>";
		};
		06E70046219AB35000ECBDAD /* LaunchScreen.storyboard */ = {
			isa = PBXVariantGroup;
			children = (
				06E70047219AB35000ECBDAD /* Base */,
			);
			name = LaunchScreen.storyboard;
			sourceTree = "<group>";
		};
/* End PBXVariantGroup section */

/* Begin XCBuildConfiguration section */
		06E70060219AB35100ECBDAD /* Debug */ = {
			isa = XCBuildConfiguration;
			buildSettings = {
				ALWAYS_SEARCH_USER_PATHS = NO;
				CLANG_ANALYZER_NONNULL = YES;
				CLANG_ANALYZER_NUMBER_OBJECT_CONVERSION = YES_AGGRESSIVE;
				CLANG_CXX_LANGUAGE_STANDARD = "gnu++14";
				CLANG_CXX_LIBRARY = "libc++";
				CLANG_ENABLE_MODULES = YES;
				CLANG_ENABLE_OBJC_ARC = YES;
				CLANG_ENABLE_OBJC_WEAK = YES;
				CLANG_WARN_BLOCK_CAPTURE_AUTORELEASING = YES;
				CLANG_WARN_BOOL_CONVERSION = YES;
				CLANG_WARN_COMMA = YES;
				CLANG_WARN_CONSTANT_CONVERSION = YES;
				CLANG_WARN_DEPRECATED_OBJC_IMPLEMENTATIONS = YES;
				CLANG_WARN_DIRECT_OBJC_ISA_USAGE = YES_ERROR;
				CLANG_WARN_DOCUMENTATION_COMMENTS = YES;
				CLANG_WARN_EMPTY_BODY = YES;
				CLANG_WARN_ENUM_CONVERSION = YES;
				CLANG_WARN_INFINITE_RECURSION = YES;
				CLANG_WARN_INT_CONVERSION = YES;
				CLANG_WARN_NON_LITERAL_NULL_CONVERSION = YES;
				CLANG_WARN_OBJC_IMPLICIT_RETAIN_SELF = YES;
				CLANG_WARN_OBJC_LITERAL_CONVERSION = YES;
				CLANG_WARN_OBJC_ROOT_CLASS = YES_ERROR;
				CLANG_WARN_RANGE_LOOP_ANALYSIS = YES;
				CLANG_WARN_STRICT_PROTOTYPES = YES;
				CLANG_WARN_SUSPICIOUS_MOVE = YES;
				CLANG_WARN_UNGUARDED_AVAILABILITY = YES_AGGRESSIVE;
				CLANG_WARN_UNREACHABLE_CODE = YES;
				CLANG_WARN__DUPLICATE_METHOD_MATCH = YES;
				CODE_SIGN_IDENTITY = "iPhone Developer";
				COPY_PHASE_STRIP = NO;
				DEBUG_INFORMATION_FORMAT = dwarf;
				ENABLE_STRICT_OBJC_MSGSEND = YES;
				ENABLE_TESTABILITY = YES;
				GCC_C_LANGUAGE_STANDARD = gnu11;
				GCC_DYNAMIC_NO_PIC = NO;
				GCC_NO_COMMON_BLOCKS = YES;
				GCC_OPTIMIZATION_LEVEL = 0;
				GCC_PREPROCESSOR_DEFINITIONS = (
					"DEBUG=1",
					"$(inherited)",
				);
				GCC_WARN_64_TO_32_BIT_CONVERSION = YES;
				GCC_WARN_ABOUT_RETURN_TYPE = YES_ERROR;
				GCC_WARN_UNDECLARED_SELECTOR = YES;
				GCC_WARN_UNINITIALIZED_AUTOS = YES_AGGRESSIVE;
				GCC_WARN_UNUSED_FUNCTION = YES;
				GCC_WARN_UNUSED_VARIABLE = YES;
				IPHONEOS_DEPLOYMENT_TARGET = 12.0;
				MTL_ENABLE_DEBUG_INFO = INCLUDE_SOURCE;
				MTL_FAST_MATH = YES;
				ONLY_ACTIVE_ARCH = YES;
				SDKROOT = iphoneos;
				SWIFT_ACTIVE_COMPILATION_CONDITIONS = DEBUG;
				SWIFT_OPTIMIZATION_LEVEL = "-Onone";
			};
			name = Debug;
		};
		06E70061219AB35100ECBDAD /* Release */ = {
			isa = XCBuildConfiguration;
			buildSettings = {
				ALWAYS_SEARCH_USER_PATHS = NO;
				CLANG_ANALYZER_NONNULL = YES;
				CLANG_ANALYZER_NUMBER_OBJECT_CONVERSION = YES_AGGRESSIVE;
				CLANG_CXX_LANGUAGE_STANDARD = "gnu++14";
				CLANG_CXX_LIBRARY = "libc++";
				CLANG_ENABLE_MODULES = YES;
				CLANG_ENABLE_OBJC_ARC = YES;
				CLANG_ENABLE_OBJC_WEAK = YES;
				CLANG_WARN_BLOCK_CAPTURE_AUTORELEASING = YES;
				CLANG_WARN_BOOL_CONVERSION = YES;
				CLANG_WARN_COMMA = YES;
				CLANG_WARN_CONSTANT_CONVERSION = YES;
				CLANG_WARN_DEPRECATED_OBJC_IMPLEMENTATIONS = YES;
				CLANG_WARN_DIRECT_OBJC_ISA_USAGE = YES_ERROR;
				CLANG_WARN_DOCUMENTATION_COMMENTS = YES;
				CLANG_WARN_EMPTY_BODY = YES;
				CLANG_WARN_ENUM_CONVERSION = YES;
				CLANG_WARN_INFINITE_RECURSION = YES;
				CLANG_WARN_INT_CONVERSION = YES;
				CLANG_WARN_NON_LITERAL_NULL_CONVERSION = YES;
				CLANG_WARN_OBJC_IMPLICIT_RETAIN_SELF = YES;
				CLANG_WARN_OBJC_LITERAL_CONVERSION = YES;
				CLANG_WARN_OBJC_ROOT_CLASS = YES_ERROR;
				CLANG_WARN_RANGE_LOOP_ANALYSIS = YES;
				CLANG_WARN_STRICT_PROTOTYPES = YES;
				CLANG_WARN_SUSPICIOUS_MOVE = YES;
				CLANG_WARN_UNGUARDED_AVAILABILITY = YES_AGGRESSIVE;
				CLANG_WARN_UNREACHABLE_CODE = YES;
				CLANG_WARN__DUPLICATE_METHOD_MATCH = YES;
				CODE_SIGN_IDENTITY = "iPhone Developer";
				COPY_PHASE_STRIP = NO;
				DEBUG_INFORMATION_FORMAT = "dwarf-with-dsym";
				ENABLE_NS_ASSERTIONS = NO;
				ENABLE_STRICT_OBJC_MSGSEND = YES;
				GCC_C_LANGUAGE_STANDARD = gnu11;
				GCC_NO_COMMON_BLOCKS = YES;
				GCC_WARN_64_TO_32_BIT_CONVERSION = YES;
				GCC_WARN_ABOUT_RETURN_TYPE = YES_ERROR;
				GCC_WARN_UNDECLARED_SELECTOR = YES;
				GCC_WARN_UNINITIALIZED_AUTOS = YES_AGGRESSIVE;
				GCC_WARN_UNUSED_FUNCTION = YES;
				GCC_WARN_UNUSED_VARIABLE = YES;
				IPHONEOS_DEPLOYMENT_TARGET = 12.0;
				MTL_ENABLE_DEBUG_INFO = NO;
				MTL_FAST_MATH = YES;
				SDKROOT = iphoneos;
				SWIFT_COMPILATION_MODE = wholemodule;
				SWIFT_OPTIMIZATION_LEVEL = "-O";
				VALIDATE_PRODUCT = YES;
			};
			name = Release;
		};
		06E70063219AB35100ECBDAD /* Debug */ = {
			isa = XCBuildConfiguration;
			buildSettings = {
				ASSETCATALOG_COMPILER_APPICON_NAME = AppIcon;
				CODE_SIGN_STYLE = Automatic;
				INFOPLIST_FILE = LeetCode/Info.plist;
				LD_RUNPATH_SEARCH_PATHS = (
					"$(inherited)",
					"@executable_path/Frameworks",
				);
				PRODUCT_BUNDLE_IDENTIFIER = ios.LeetCode;
				PRODUCT_NAME = "$(TARGET_NAME)";
				SWIFT_VERSION = 4.2;
				TARGETED_DEVICE_FAMILY = "1,2";
			};
			name = Debug;
		};
		06E70064219AB35100ECBDAD /* Release */ = {
			isa = XCBuildConfiguration;
			buildSettings = {
				ASSETCATALOG_COMPILER_APPICON_NAME = AppIcon;
				CODE_SIGN_STYLE = Automatic;
				INFOPLIST_FILE = LeetCode/Info.plist;
				LD_RUNPATH_SEARCH_PATHS = (
					"$(inherited)",
					"@executable_path/Frameworks",
				);
				PRODUCT_BUNDLE_IDENTIFIER = ios.LeetCode;
				PRODUCT_NAME = "$(TARGET_NAME)";
				SWIFT_VERSION = 4.2;
				TARGETED_DEVICE_FAMILY = "1,2";
			};
			name = Release;
		};
		06E70066219AB35100ECBDAD /* Debug */ = {
			isa = XCBuildConfiguration;
			buildSettings = {
				ALWAYS_EMBED_SWIFT_STANDARD_LIBRARIES = YES;
				BUNDLE_LOADER = "$(TEST_HOST)";
				CODE_SIGN_STYLE = Automatic;
				INFOPLIST_FILE = LeetCodeTests/Info.plist;
				LD_RUNPATH_SEARCH_PATHS = (
					"$(inherited)",
					"@executable_path/Frameworks",
					"@loader_path/Frameworks",
				);
				PRODUCT_BUNDLE_IDENTIFIER = ios.LeetCodeTests;
				PRODUCT_NAME = "$(TARGET_NAME)";
				SWIFT_VERSION = 4.2;
				TARGETED_DEVICE_FAMILY = "1,2";
				TEST_HOST = "$(BUILT_PRODUCTS_DIR)/LeetCode.app/LeetCode";
			};
			name = Debug;
		};
		06E70067219AB35100ECBDAD /* Release */ = {
			isa = XCBuildConfiguration;
			buildSettings = {
				ALWAYS_EMBED_SWIFT_STANDARD_LIBRARIES = YES;
				BUNDLE_LOADER = "$(TEST_HOST)";
				CODE_SIGN_STYLE = Automatic;
				INFOPLIST_FILE = LeetCodeTests/Info.plist;
				LD_RUNPATH_SEARCH_PATHS = (
					"$(inherited)",
					"@executable_path/Frameworks",
					"@loader_path/Frameworks",
				);
				PRODUCT_BUNDLE_IDENTIFIER = ios.LeetCodeTests;
				PRODUCT_NAME = "$(TARGET_NAME)";
				SWIFT_VERSION = 4.2;
				TARGETED_DEVICE_FAMILY = "1,2";
				TEST_HOST = "$(BUILT_PRODUCTS_DIR)/LeetCode.app/LeetCode";
			};
			name = Release;
		};
		06E70069219AB35100ECBDAD /* Debug */ = {
			isa = XCBuildConfiguration;
			buildSettings = {
				ALWAYS_EMBED_SWIFT_STANDARD_LIBRARIES = YES;
				CODE_SIGN_STYLE = Automatic;
				INFOPLIST_FILE = LeetCodeUITests/Info.plist;
				LD_RUNPATH_SEARCH_PATHS = (
					"$(inherited)",
					"@executable_path/Frameworks",
					"@loader_path/Frameworks",
				);
				PRODUCT_BUNDLE_IDENTIFIER = ios.LeetCodeUITests;
				PRODUCT_NAME = "$(TARGET_NAME)";
				SWIFT_VERSION = 4.2;
				TARGETED_DEVICE_FAMILY = "1,2";
				TEST_TARGET_NAME = LeetCode;
			};
			name = Debug;
		};
		06E7006A219AB35100ECBDAD /* Release */ = {
			isa = XCBuildConfiguration;
			buildSettings = {
				ALWAYS_EMBED_SWIFT_STANDARD_LIBRARIES = YES;
				CODE_SIGN_STYLE = Automatic;
				INFOPLIST_FILE = LeetCodeUITests/Info.plist;
				LD_RUNPATH_SEARCH_PATHS = (
					"$(inherited)",
					"@executable_path/Frameworks",
					"@loader_path/Frameworks",
				);
				PRODUCT_BUNDLE_IDENTIFIER = ios.LeetCodeUITests;
				PRODUCT_NAME = "$(TARGET_NAME)";
				SWIFT_VERSION = 4.2;
				TARGETED_DEVICE_FAMILY = "1,2";
				TEST_TARGET_NAME = LeetCode;
			};
			name = Release;
		};
/* End XCBuildConfiguration section */

/* Begin XCConfigurationList section */
		06E70035219AB34A00ECBDAD /* Build configuration list for PBXProject "LeetCode" */ = {
			isa = XCConfigurationList;
			buildConfigurations = (
				06E70060219AB35100ECBDAD /* Debug */,
				06E70061219AB35100ECBDAD /* Release */,
			);
			defaultConfigurationIsVisible = 0;
			defaultConfigurationName = Release;
		};
		06E70062219AB35100ECBDAD /* Build configuration list for PBXNativeTarget "LeetCode" */ = {
			isa = XCConfigurationList;
			buildConfigurations = (
				06E70063219AB35100ECBDAD /* Debug */,
				06E70064219AB35100ECBDAD /* Release */,
			);
			defaultConfigurationIsVisible = 0;
			defaultConfigurationName = Release;
		};
		06E70065219AB35100ECBDAD /* Build configuration list for PBXNativeTarget "LeetCodeTests" */ = {
			isa = XCConfigurationList;
			buildConfigurations = (
				06E70066219AB35100ECBDAD /* Debug */,
				06E70067219AB35100ECBDAD /* Release */,
			);
			defaultConfigurationIsVisible = 0;
			defaultConfigurationName = Release;
		};
		06E70068219AB35100ECBDAD /* Build configuration list for PBXNativeTarget "LeetCodeUITests" */ = {
			isa = XCConfigurationList;
			buildConfigurations = (
				06E70069219AB35100ECBDAD /* Debug */,
				06E7006A219AB35100ECBDAD /* Release */,
			);
			defaultConfigurationIsVisible = 0;
			defaultConfigurationName = Release;
		};
/* End XCConfigurationList section */
	};
	rootObject = 06E70032219AB34A00ECBDAD /* Project object */;
}
